Microsoft Visual Studio Solution File, Format Version 12.00
# Visual Studio Version 17
VisualStudioVersion = 17.5.2.0
MinimumVisualStudioVersion = 10.0.40219.1
Project("{FAE04EC0-301F-11D3-BF4B-00C04F79EFBC}") = "prueba", "prueba\prueba.csproj", "{6E3124D3-D713-A4D5-1C95-175165E4E821}"
EndProject
Global
	GlobalSection(SolutionConfigurationPlatforms) = preSolution
		Debug|Any CPU = Debug|Any CPU
		Release|Any CPU = Release|Any CPU
	EndGlobalSection
	GlobalSection(ProjectConfigurationPlatforms) = postSolution
		{6E3124D3-D713-A4D5-1C95-175165E4E821}.Debug|Any CPU.ActiveCfg = Debug|Any CPU
		{6E3124D3-D713-A4D5-1C95-175165E4E821}.Debug|Any CPU.Build.0 = Debug|Any CPU
		{6E3124D3-D713-A4D5-1C95-175165E4E821}.Release|Any CPU.ActiveCfg = Release|Any CPU
		{6E3124D3-D713-A4D5-1C95-175165E4E821}.Release|Any CPU.Build.0 = Release|Any CPU
	EndGlobalSection
	GlobalSection(SolutionProperties) = preSolution
		HideSolutionNode = FALSE
	EndGlobalSection
	GlobalSection(ExtensibilityGlobals) = postSolution
		SolutionGuid = {5220FE71-D71C-42BE-9636-E4BAEDBEC491}
	EndGlobalSection
EndGlobal
